
Microsoft Visual Studio Solution File, Format Version 12.00
# Visual Studio Version 16
VisualStudioVersion = 25.0.1706.7
MinimumVisualStudioVersion = 10.0.40219.1
Project("{FAE04EC0-301F-11D3-BF4B-00C04F79EFBC}") = "App", "App\App.csproj", "{2772E864-CA22-4AAE-B76C-F05EE8F6AF9C}"
EndProject
Project("{2150E333-8FDC-42A3-9474-1A3956D46DE8}") = "Solution", "Solution", "{0117B999-C91E-4765-91ED-4D9631058A27}"
	ProjectSection(SolutionItems) = preProject
		..\..\README.md = ..\..\README.md
	EndProjectSection
EndProject
Global
	GlobalSection(SolutionConfigurationPlatforms) = preSolution
		Debug|Any CPU = Debug|Any CPU
		Release|Any CPU = Release|Any CPU
	EndGlobalSection
	GlobalSection(ProjectConfigurationPlatforms) = postSolution
		{2772E864-CA22-4AAE-B76C-F05EE8F6AF9C}.Debug|Any CPU.ActiveCfg = Debug|Any CPU
		{2772E864-CA22-4AAE-B76C-F05EE8F6AF9C}.Debug|Any CPU.Build.0 = Debug|Any CPU
		{2772E864-CA22-4AAE-B76C-F05EE8F6AF9C}.Release|Any CPU.ActiveCfg = Release|Any CPU
		{2772E864-CA22-4AAE-B76C-F05EE8F6AF9C}.Release|Any CPU.Build.0 = Release|Any CPU
	EndGlobalSection
	GlobalSection(SolutionProperties) = preSolution
		HideSolutionNode = FALSE
	EndGlobalSection
	GlobalSection(ExtensibilityGlobals) = postSolution
		SolutionGuid = {BB55A657-02A8-4189-BDB1-D500CCE1B1C5}
	EndGlobalSection
EndGlobal
